lockfileVersion: 5.3

specifiers:
  '@babel/standalone': ^7.15.7
  core-js: ^3.18.1
  magic-string: ^0.25.7
  regenerator-runtime: ^0.13.9
  systemjs: ^6.10.3

dependencies:
  '@babel/standalone': 7.15.8
  core-js: 3.19.0
  magic-string: 0.25.7
  regenerator-runtime: 0.13.9
  systemjs: 6.11.0

packages:

  /@babel/standalone/7.15.8:
    resolution: {integrity: sha512-EF2uQLeuwflnPRGetWH2Z400ITOSK7YbkXIKxY91EWSiOJ8xsbupT3sx3sFRwVyQgjsHSILFDzLcSo/rGspLhQ==}
    engines: {node: '>=6.9.0'}
    dev: false

  /core-js/3.19.0:
    resolution: {integrity: sha512-L1TpFRWXZ76vH1yLM+z6KssLZrP8Z6GxxW4auoCj+XiViOzNPJCAuTIkn03BGdFe6Z5clX5t64wRIRypsZQrUg==}
    requiresBuild: true
    dev: false

  /magic-string/0.25.7:
    resolution: {integrity: sha512-4CrMT5DOHTDk4HYDlzmwu4FVCcIYI8gauveasrdCu2IKIFOJ3f0v/8MDGJCDL9oD2ppz/Av1b0Nj345H9M+XIA==}
    dependencies:
      sourcemap-codec: 1.4.8
    dev: false

  /regenerator-runtime/0.13.9:
    resolution: {integrity: sha512-p3VT+cOEgxFsRRA9X4lkI1E+k2/CtnKtU4gcxyaCUreilL/vqI6CdZ3wxVUx3UOUg+gnUOQQcRI7BmSI656MYA==}
    dev: false

  /sourcemap-codec/1.4.8:
    resolution: {integrity: sha512-9NykojV5Uih4lgo5So5dtw+f0JgJX30KCNI8gwhz2J9A15wD0Ml6tjHKwf6fTSa6fAdVBdZeNOs9eJ71qCk8vA==}
    dev: false

  /systemjs/6.11.0:
    resolution: {integrity: sha512-7YPIY44j+BoY+E6cGBSw0oCU8SNTTIHKZgftcBdwWkDzs/M86Fdlr21FrzAyph7Zo8r3CFGscyFe4rrBtixrBg==}
    dev: false
